
Microsoft Visual Studio Solution File, Format Version 12.00
# Visual Studio Version 17
VisualStudioVersion = 17.8.34511.84
MinimumVisualStudioVersion = 10.0.40219.1
Project("{9A19103F-16F7-4668-BE54-9A1E7A4F7556}") = "PasswordManager.Api", "PasswordManager\PasswordManager.Api.csproj", "{2E236D5A-7AAC-4693-919B-6E2A2A3DD8E3}"
EndProject
Project("{2150E333-8FDC-42A3-9474-1A3956D46DE8}") = "src", "src", "{DB3B16CD-6ADF-4117-AD36-2446D4944F95}"
EndProject
Project("{9A19103F-16F7-4668-BE54-9A1E7A4F7556}") = "PasswordManager.Configuration", "PasswordManager.Configuration\PasswordManager.Configuration.csproj", "{C6DB7F7C-D491-4A70-851D-CC5985488784}"
EndProject
Project("{9A19103F-16F7-4668-BE54-9A1E7A4F7556}") = "PasswordManager.Core", "PasswordManager.Core\PasswordManager.Core.csproj", "{2707F281-6425-4677-A802-596B9E80FC02}"
EndProject
Project("{9A19103F-16F7-4668-BE54-9A1E7A4F7556}") = "PasswordManager.Persistence", "PasswordManager.Persistence\PasswordManager.Persistence.csproj", "{B40BF5F3-3F0B-4D07-B607-239032903DA9}"
EndProject
Project("{9A19103F-16F7-4668-BE54-9A1E7A4F7556}") = "PasswordManager.Services", "PasswordManager.Services\PasswordManager.Services.csproj", "{9B7DF350-B260-4847-8C80-881C2AB11AD8}"
EndProject
Project("{2150E333-8FDC-42A3-9474-1A3956D46DE8}") = "tests", "tests", "{C305128E-3C73-4E26-A612-8E6BE7D17415}"
EndProject
Project("{FAE04EC0-301F-11D3-BF4B-00C04F79EFBC}") = "PasswordManager.Services.Tests", "PasswordManager.Services.Tests\PasswordManager.Services.Tests.csproj", "{8EC32F8A-21F3-437B-AF16-A5FDB73E60DE}"
EndProject
Global
	GlobalSection(SolutionConfigurationPlatforms) = preSolution
		Debug|Any CPU = Debug|Any CPU
		Release|Any CPU = Release|Any CPU
	EndGlobalSection
	GlobalSection(ProjectConfigurationPlatforms) = postSolution
		{2E236D5A-7AAC-4693-919B-6E2A2A3DD8E3}.Debug|Any CPU.ActiveCfg = Debug|Any CPU
		{2E236D5A-7AAC-4693-919B-6E2A2A3DD8E3}.Debug|Any CPU.Build.0 = Debug|Any CPU
		{2E236D5A-7AAC-4693-919B-6E2A2A3DD8E3}.Release|Any CPU.ActiveCfg = Release|Any CPU
		{2E236D5A-7AAC-4693-919B-6E2A2A3DD8E3}.Release|Any CPU.Build.0 = Release|Any CPU
		{C6DB7F7C-D491-4A70-851D-CC5985488784}.Debug|Any CPU.ActiveCfg = Debug|Any CPU
		{C6DB7F7C-D491-4A70-851D-CC5985488784}.Debug|Any CPU.Build.0 = Debug|Any CPU
		{C6DB7F7C-D491-4A70-851D-CC5985488784}.Release|Any CPU.ActiveCfg = Release|Any CPU
		{C6DB7F7C-D491-4A70-851D-CC5985488784}.Release|Any CPU.Build.0 = Release|Any CPU
		{2707F281-6425-4677-A802-596B9E80FC02}.Debug|Any CPU.ActiveCfg = Debug|Any CPU
		{2707F281-6425-4677-A802-596B9E80FC02}.Debug|Any CPU.Build.0 = Debug|Any CPU
		{2707F281-6425-4677-A802-596B9E80FC02}.Release|Any CPU.ActiveCfg = Release|Any CPU
		{2707F281-6425-4677-A802-596B9E80FC02}.Release|Any CPU.Build.0 = Release|Any CPU
		{B40BF5F3-3F0B-4D07-B607-239032903DA9}.Debug|Any CPU.ActiveCfg = Debug|Any CPU
		{B40BF5F3-3F0B-4D07-B607-239032903DA9}.Debug|Any CPU.Build.0 = Debug|Any CPU
		{B40BF5F3-3F0B-4D07-B607-239032903DA9}.Release|Any CPU.ActiveCfg = Release|Any CPU
		{B40BF5F3-3F0B-4D07-B607-239032903DA9}.Release|Any CPU.Build.0 = Release|Any CPU
		{9B7DF350-B260-4847-8C80-881C2AB11AD8}.Debug|Any CPU.ActiveCfg = Debug|Any CPU
		{9B7DF350-B260-4847-8C80-881C2AB11AD8}.Debug|Any CPU.Build.0 = Debug|Any CPU
		{9B7DF350-B260-4847-8C80-881C2AB11AD8}.Release|Any CPU.ActiveCfg = Release|Any CPU
		{9B7DF350-B260-4847-8C80-881C2AB11AD8}.Release|Any CPU.Build.0 = Release|Any CPU
		{8EC32F8A-21F3-437B-AF16-A5FDB73E60DE}.Debug|Any CPU.ActiveCfg = Debug|Any CPU
		{8EC32F8A-21F3-437B-AF16-A5FDB73E60DE}.Debug|Any CPU.Build.0 = Debug|Any CPU
		{8EC32F8A-21F3-437B-AF16-A5FDB73E60DE}.Release|Any CPU.ActiveCfg = Release|Any CPU
		{8EC32F8A-21F3-437B-AF16-A5FDB73E60DE}.Release|Any CPU.Build.0 = Release|Any CPU
	EndGlobalSection
	GlobalSection(SolutionProperties) = preSolution
		HideSolutionNode = FALSE
	EndGlobalSection
	GlobalSection(NestedProjects) = preSolution
		{2E236D5A-7AAC-4693-919B-6E2A2A3DD8E3} = {DB3B16CD-6ADF-4117-AD36-2446D4944F95}
		{C6DB7F7C-D491-4A70-851D-CC5985488784} = {DB3B16CD-6ADF-4117-AD36-2446D4944F95}
		{2707F281-6425-4677-A802-596B9E80FC02} = {DB3B16CD-6ADF-4117-AD36-2446D4944F95}
		{B40BF5F3-3F0B-4D07-B607-239032903DA9} = {DB3B16CD-6ADF-4117-AD36-2446D4944F95}
		{9B7DF350-B260-4847-8C80-881C2AB11AD8} = {DB3B16CD-6ADF-4117-AD36-2446D4944F95}
		{8EC32F8A-21F3-437B-AF16-A5FDB73E60DE} = {C305128E-3C73-4E26-A612-8E6BE7D17415}
	EndGlobalSection
	GlobalSection(ExtensibilityGlobals) = postSolution
		SolutionGuid = {E0E490EC-A5BA-46E9-A95E-EA8F14301E8C}
	EndGlobalSection
EndGlobal
